<?xml version="1.0" encoding="utf-8"?>
<Project ToolsVersion="4.0" xmlns="http://schemas.microsoft.com/developer/msbuild/2003">
  <ItemGroup>
    <Filter Include="Source Files">
      <UniqueIdentifier>{4FC737F1-C7A5-4376-A066-2A32D752A2FF}</UniqueIdentifier>
      <Extensions>qml;cpp;c;cc;cxx;def;odl;idl;hpj;bat;asm;asmx</Extensions>
    </Filter>
    <Filter Include="Header Files">
      <UniqueIdentifier>{93995380-89BD-4b04-88EB-625FBE52EBFB}</UniqueIdentifier>
      <Extensions>h;hh;hpp;hxx;hm;inl;inc;xsd</Extensions>
    </Filter>
    <Filter Include="Resource Files">
      <UniqueIdentifier>{67DA6AB6-F800-4c08-8B7A-83BB121AAD01}</UniqueIdentifier>
      <Extensions>qrc;rc;ico;cur;bmp;dlg;rc2;rct;bin;rgs;gif;jpg;jpeg;jpe;resx;tiff;tif;png;wav;mfcribbon-ms</Extensions>
    </Filter>
    <Filter Include="Form Files">
      <UniqueIdentifier>{99349809-55BA-4b9d-BF79-8FDBB0286EB3}</UniqueIdentifier>
      <Extensions>ui</Extensions>
    </Filter>
    <Filter Include="Translation Files">
      <UniqueIdentifier>{639EADAA-A684-42e4-A9AD-28FC9BCB8F7C}</UniqueIdentifier>
      <Extensions>ts</Extensions>
    </Filter>
  </ItemGroup>
  <ItemGroup>
    <ClCompile Include="src\mainwindow.cpp">
      <Filter>Source Files</Filter>
    </ClCompile>
    <ClCompile Include="src\main.cpp">
      <Filter>Source Files</Filter>
    </ClCompile>
    <ClCompile Include="src\widgets\process\TracedProcessDrawer.cpp">
      <Filter>Source Files</Filter>
    </ClCompile>
    <ClCompile Include="src\widgets\process\TracedProcessWidget.cpp">
      <Filter>Source Files</Filter>
    </ClCompile>
    <ClCompile Include="src\widgets\protocol\ProtocolBufferDrawer.cpp">
      <Filter>Source Files</Filter>
    </ClCompile>
    <ClCompile Include="src\widgets\protocol\ProtocolVisualizationWidget.cpp">
      <Filter>Source Files</Filter>
    </ClCompile>
    <ClCompile Include="src\widgets\taint\TaintEventsWidget.cpp">
      <Filter>Source Files</Filter>
    </ClCompile>
    <ClCompile Include="src\widgets\taint\TaintRoutinesWidget.cpp">
      <Filter>Source Files</Filter>
    </ClCompile>
    <ClCompile Include="src\widgets\trace\TraceFunctionsWidget.cpp">
      <Filter>Source Files</Filter>
    </ClCompile>
    <ClCompile Include="src\widgets\MultiWindowViewWidget.cpp">
      <Filter>Source Files</Filter>
    </ClCompile>
    <ClCompile Include="src\utils\db\DatabaseManager.cpp">
      <Filter>Source Files</Filter>
    </ClCompile>
    <ClCompile Include="src\utils\exec\ExecutionBridge.cpp">
      <Filter>Source Files</Filter>
    </ClCompile>
    <ClCompile Include="src\dialogs\PinconfigurationDialog.cpp">
      <Filter>Source Files</Filter>
    </ClCompile>
    <ClCompile Include="src\common\Globals.cpp">
      <Filter>Source Files</Filter>
    </ClCompile>
    <ClCompile Include="src\widgets\protocol\ui\ByteBufferButton.cpp">
      <Filter>Source Files</Filter>
    </ClCompile>
    <ClCompile Include="src\widgets\protocol\ProtocolPartsWidget.cpp">
      <Filter>Source Files</Filter>
    </ClCompile>
  </ItemGroup>
  <ItemGroup>
    <QtUic Include="forms\mainwindow.ui">
      <Filter>Form Files</Filter>
    </QtUic>
    <QtUic Include="forms\MultiWindowViewWidget.ui">
      <Filter>Form Files</Filter>
    </QtUic>
    <QtUic Include="forms\PinConfigurationDialog.ui">
      <Filter>Form Files</Filter>
    </QtUic>
    <QtUic Include="forms\ProtocolBufferDrawer.ui">
      <Filter>Form Files</Filter>
    </QtUic>
    <QtUic Include="forms\ProtocolVisualizationWidget.ui">
      <Filter>Form Files</Filter>
    </QtUic>
    <QtUic Include="forms\TaintEventsWidget.ui">
      <Filter>Form Files</Filter>
    </QtUic>
    <QtUic Include="forms\TaintRoutinesWidget.ui">
      <Filter>Form Files</Filter>
    </QtUic>
    <QtUic Include="forms\TracedProcessWidget.ui">
      <Filter>Form Files</Filter>
    </QtUic>
    <QtUic Include="forms\TraceFunctionsWidget.ui">
      <Filter>Form Files</Filter>
    </QtUic>
    <QtUic Include="forms\ProtocolPartsWidget.ui">
      <Filter>Form Files</Filter>
    </QtUic>
  </ItemGroup>
  <ItemGroup>
    <ClInclude Include="include\common\Globals.h">
      <Filter>Header Files</Filter>
    </ClInclude>
    <ClInclude Include="include\utils\db\DatabaseManager.h">
      <Filter>Header Files</Filter>
    </ClInclude>
    <ClInclude Include="include\utils\exec\ExecutionBridge.h">
      <Filter>Header Files</Filter>
    </ClInclude>
    <ClInclude Include="include\widgets\protocol\data\ProtocolByte.h">
      <Filter>Header Files</Filter>
    </ClInclude>
    <ClInclude Include="include\widgets\protocol\data\ProtocolBuffer.h">
      <Filter>Header Files</Filter>
    </ClInclude>
    <ClInclude Include="include\widgets\protocol\data\ProtocolWord.h">
      <Filter>Header Files</Filter>
    </ClInclude>
    <ClInclude Include="include\widgets\protocol\data\ProtocolPointer.h">
      <Filter>Header Files</Filter>
    </ClInclude>
    <ClInclude Include="include\widgets\protocol\data\Protocol.h">
      <Filter>Header Files</Filter>
    </ClInclude>
    <ClInclude Include="include\widgets\protocol\data\ProtocolWordByte.h">
      <Filter>Header Files</Filter>
    </ClInclude>
    <ClInclude Include="include\widgets\protocol\data\ProtocolPointerByte.h">
      <Filter>Header Files</Filter>
    </ClInclude>
  </ItemGroup>
  <ItemGroup>
    <QtMoc Include="include\dialogs\PinConfigurationDialog.h">
      <Filter>Header Files</Filter>
    </QtMoc>
    <QtMoc Include="include\widgets\process\TracedProcessDrawer.h">
      <Filter>Header Files</Filter>
    </QtMoc>
    <QtMoc Include="include\widgets\process\TracedProcessWidget.h">
      <Filter>Header Files</Filter>
    </QtMoc>
    <QtMoc Include="include\widgets\protocol\ProtocolBufferDrawer.h">
      <Filter>Header Files</Filter>
    </QtMoc>
    <QtMoc Include="include\widgets\protocol\ProtocolVisualizationWidget.h">
      <Filter>Header Files</Filter>
    </QtMoc>
    <QtMoc Include="include\widgets\taint\TaintEventsWidget.h">
      <Filter>Header Files</Filter>
    </QtMoc>
    <QtMoc Include="include\widgets\taint\TaintRoutinesWidget.h">
      <Filter>Header Files</Filter>
    </QtMoc>
    <QtMoc Include="include\widgets\trace\TraceFunctionsWidget.h">
      <Filter>Header Files</Filter>
    </QtMoc>
    <QtMoc Include="include\widgets\MultiWindowViewWidget.h">
      <Filter>Header Files</Filter>
    </QtMoc>
    <QtMoc Include="include\mainwindow.h">
      <Filter>Header Files</Filter>
    </QtMoc>
    <QtMoc Include="include\widgets\protocol\ui\ByteBufferButton.h">
      <Filter>Header Files</Filter>
    </QtMoc>
    <QtMoc Include="include\widgets\protocol\ProtocolPartsWidget.h">
      <Filter>Header Files</Filter>
    </QtMoc>
  </ItemGroup>
  <ItemGroup>
    <QtRcc Include="forms\MainToolBarResource.qrc">
      <Filter>Resource Files</Filter>
    </QtRcc>
  </ItemGroup>
</Project>